
Microsoft Visual Studio Solution File, Format Version 12.00
# Visual Studio 15
VisualStudioVersion = 15.0.28010.2026
MinimumVisualStudioVersion = 10.0.40219.1
Project("{FAE04EC0-301F-11D3-BF4B-00C04F79EFBC}") = "Assignment2_2", "Assignment2_2\Assignment2_2.csproj", "{77A35FB8-505B-4B18-B8C4-1C398D3118AF}"
EndProject
Global
	GlobalSection(SolutionConfigurationPlatforms) = preSolution
		Debug|Any CPU = Debug|Any CPU
		Release|Any CPU = Release|Any CPU
	EndGlobalSection
	GlobalSection(ProjectConfigurationPlatforms) = postSolution
		{77A35FB8-505B-4B18-B8C4-1C398D3118AF}.Debug|Any CPU.ActiveCfg = Debug|Any CPU
		{77A35FB8-505B-4B18-B8C4-1C398D3118AF}.Debug|Any CPU.Build.0 = Debug|Any CPU
		{77A35FB8-505B-4B18-B8C4-1C398D3118AF}.Release|Any CPU.ActiveCfg = Release|Any CPU
		{77A35FB8-505B-4B18-B8C4-1C398D3118AF}.Release|Any CPU.Build.0 = Release|Any CPU
	EndGlobalSection
	GlobalSection(SolutionProperties) = preSolution
		HideSolutionNode = FALSE
	EndGlobalSection
	GlobalSection(ExtensibilityGlobals) = postSolution
		SolutionGuid = {73F9F12C-FA48-4945-934F-885974A029A3}
	EndGlobalSection
EndGlobal
